// !$*UTF8*$!
{
	archiveVersion = 1;
	classes = {
	};
	objectVersion = 56;
	objects = {

/* Begin PBXBuildFile section */
		5E358F852AD5C40A0090A0D4 /* Localizable.xcstrings in Resources */ = {isa = PBXBuildFile; fileRef = 5E358F842AD5C40A0090A0D4 /* Localizable.xcstrings */; };
		5E4410A02AA7101800781FEF /* InstagramCloneApp.swift in Sources */ = {isa = PBXBuildFile; fileRef = 5E44109F2AA7101800781FEF /* InstagramCloneApp.swift */; };
		5E4410A22AA7101800781FEF /* ContentView.swift in Sources */ = {isa = PBXBuildFile; fileRef = 5E4410A12AA7101800781FEF /* ContentView.swift */; };
		5E4410A42AA7101B00781FEF /* Assets.xcassets in Resources */ = {isa = PBXBuildFile; fileRef = 5E4410A32AA7101B00781FEF /* Assets.xcassets */; };
		5E4410A72AA7101B00781FEF /* Preview Assets.xcassets in Resources */ = {isa = PBXBuildFile; fileRef = 5E4410A62AA7101B00781FEF /* Preview Assets.xcassets */; };
		5E4410B12AA7101B00781FEF /* InstagramCloneTests.swift in Sources */ = {isa = PBXBuildFile; fileRef = 5E4410B02AA7101B00781FEF /* InstagramCloneTests.swift */; };
		5E4410BB2AA7101B00781FEF /* InstagramCloneUITests.swift in Sources */ = {isa = PBXBuildFile; fileRef = 5E4410BA2AA7101B00781FEF /* InstagramCloneUITests.swift */; };
		5E4410BD2AA7101B00781FEF /* InstagramCloneUITestsLaunchTests.swift in Sources */ = {isa = PBXBuildFile; fileRef = 5E4410BC2AA7101B00781FEF /* InstagramCloneUITestsLaunchTests.swift */; };
		5E4410CE2AA7370F00781FEF /* LoginView.swift in Sources */ = {isa = PBXBuildFile; fileRef = 5E4410CD2AA7370F00781FEF /* LoginView.swift */; };
		5E4410D52AA83D4B00781FEF /* AuthStore.swift in Sources */ = {isa = PBXBuildFile; fileRef = 5E4410D42AA83D4B00781FEF /* AuthStore.swift */; };
		5E4410DD2AA865F900781FEF /* GoogleService-Info.plist in Resources */ = {isa = PBXBuildFile; fileRef = 5E4410DC2AA865F900781FEF /* GoogleService-Info.plist */; };
		5E4410E02AA866DA00781FEF /* FirebaseAuth in Frameworks */ = {isa = PBXBuildFile; productRef = 5E4410DF2AA866DA00781FEF /* FirebaseAuth */; };
		5E4410E22AA866DA00781FEF /* FirebaseFirestore in Frameworks */ = {isa = PBXBuildFile; productRef = 5E4410E12AA866DA00781FEF /* FirebaseFirestore */; };
		5E4410E42AA866DA00781FEF /* FirebaseStorage in Frameworks */ = {isa = PBXBuildFile; productRef = 5E4410E32AA866DA00781FEF /* FirebaseStorage */; };
		5E4410E62AA88AB200781FEF /* SignupView.swift in Sources */ = {isa = PBXBuildFile; fileRef = 5E4410E52AA88AB200781FEF /* SignupView.swift */; };
		5E4410EA2AA89D2E00781FEF /* HomeScreen.swift in Sources */ = {isa = PBXBuildFile; fileRef = 5E4410E92AA89D2E00781FEF /* HomeScreen.swift */; };
		5E4410EC2AA98C2800781FEF /* InstagramLogo.swift in Sources */ = {isa = PBXBuildFile; fileRef = 5E4410EB2AA98C2800781FEF /* InstagramLogo.swift */; };
		5E4410EE2AA98C9D00781FEF /* AuthErrorHandler.swift in Sources */ = {isa = PBXBuildFile; fileRef = 5E4410ED2AA98C9D00781FEF /* AuthErrorHandler.swift */; };
		5E4410F52AA98D9E00781FEF /* PrimaryButton.swift in Sources */ = {isa = PBXBuildFile; fileRef = 5E4410F42AA98D9E00781FEF /* PrimaryButton.swift */; };
		5E4410F72AA9962D00781FEF /* PasswordField.swift in Sources */ = {isa = PBXBuildFile; fileRef = 5E4410F62AA9962D00781FEF /* PasswordField.swift */; };
		5E4410FD2AAAE62E00781FEF /* MessageDetailScreen.swift in Sources */ = {isa = PBXBuildFile; fileRef = 5E4410FC2AAAE62E00781FEF /* MessageDetailScreen.swift */; };
		5E4411012AAAE66500781FEF /* ProfileScreen.swift in Sources */ = {isa = PBXBuildFile; fileRef = 5E4411002AAAE66500781FEF /* ProfileScreen.swift */; };
		5E4411032AAAE6E200781FEF /* Tabbar.swift in Sources */ = {isa = PBXBuildFile; fileRef = 5E4411022AAAE6E200781FEF /* Tabbar.swift */; };
		5E576B492ADF9C0700C96EED /* SearchAction.swift in Sources */ = {isa = PBXBuildFile; fileRef = 5E576B482ADF9C0700C96EED /* SearchAction.swift */; };
		5E576B4B2ADF9C1F00C96EED /* SearchState.swift in Sources */ = {isa = PBXBuildFile; fileRef = 5E576B4A2ADF9C1F00C96EED /* SearchState.swift */; };
		5E576B4D2ADF9C3300C96EED /* SearchService.swift in Sources */ = {isa = PBXBuildFile; fileRef = 5E576B4C2ADF9C3300C96EED /* SearchService.swift */; };
		5E9C79772AE226630084FF23 /* AsyncAlgorithms in Frameworks */ = {isa = PBXBuildFile; productRef = 5E9C79762AE226630084FF23 /* AsyncAlgorithms */; };
		5E9C79792AE26E9C0084FF23 /* CustomShimmer.swift in Sources */ = {isa = PBXBuildFile; fileRef = 5E9C79782AE26E9C0084FF23 /* CustomShimmer.swift */; };
		5E9F1A562AD799FD004B5E54 /* UploadStore.swift in Sources */ = {isa = PBXBuildFile; fileRef = 5E9F1A552AD799FD004B5E54 /* UploadStore.swift */; };
		5E9F1A582AD79A06004B5E54 /* UploadAction.swift in Sources */ = {isa = PBXBuildFile; fileRef = 5E9F1A572AD79A06004B5E54 /* UploadAction.swift */; };
		5E9F1A5A2AD79A1A004B5E54 /* UploadState.swift in Sources */ = {isa = PBXBuildFile; fileRef = 5E9F1A592AD79A1A004B5E54 /* UploadState.swift */; };
		5E9F1A5C2AD79A28004B5E54 /* UploadService.swift in Sources */ = {isa = PBXBuildFile; fileRef = 5E9F1A5B2AD79A28004B5E54 /* UploadService.swift */; };
		5E9F1A622AD7D482004B5E54 /* HomeStore.swift in Sources */ = {isa = PBXBuildFile; fileRef = 5E9F1A612AD7D482004B5E54 /* HomeStore.swift */; };
		5E9F1A642AD7D489004B5E54 /* HomeAction.swift in Sources */ = {isa = PBXBuildFile; fileRef = 5E9F1A632AD7D489004B5E54 /* HomeAction.swift */; };
		5E9F1A662AD7D48F004B5E54 /* HomeState.swift in Sources */ = {isa = PBXBuildFile; fileRef = 5E9F1A652AD7D48F004B5E54 /* HomeState.swift */; };
		5E9F1A682AD7D49D004B5E54 /* HomeService.swift in Sources */ = {isa = PBXBuildFile; fileRef = 5E9F1A672AD7D49D004B5E54 /* HomeService.swift */; };
		5E9F1A6A2AD9059A004B5E54 /* UIImage.swift in Sources */ = {isa = PBXBuildFile; fileRef = 5E9F1A692AD9059A004B5E54 /* UIImage.swift */; };
		5EABBCFA2AD5113C0052AAF5 /* Icons.swift in Sources */ = {isa = PBXBuildFile; fileRef = 5EABBCF92AD5113C0052AAF5 /* Icons.swift */; };
		5EABBCFC2AD512BB0052AAF5 /* Colors.swift in Sources */ = {isa = PBXBuildFile; fileRef = 5EABBCFB2AD512BB0052AAF5 /* Colors.swift */; };
		5EABBCFE2AD5133E0052AAF5 /* String.swift in Sources */ = {isa = PBXBuildFile; fileRef = 5EABBCFD2AD5133E0052AAF5 /* String.swift */; };
		5EABBD002AD516850052AAF5 /* Images.swift in Sources */ = {isa = PBXBuildFile; fileRef = 5EABBCFF2AD516850052AAF5 /* Images.swift */; };
		5EB05B9C2AC3E03800141CE0 /* Date.swift in Sources */ = {isa = PBXBuildFile; fileRef = 5EB05B9B2AC3E03800141CE0 /* Date.swift */; };
		5EB05BA52AC67CD400141CE0 /* Network.swift in Sources */ = {isa = PBXBuildFile; fileRef = 5EB05BA42AC67CD400141CE0 /* Network.swift */; };
		5EB05BAA2AC6A0E300141CE0 /* GlobalAction.swift in Sources */ = {isa = PBXBuildFile; fileRef = 5EB05BA92AC6A0E300141CE0 /* GlobalAction.swift */; };
		5EB05BAC2AC6A0F400141CE0 /* GlobalService.swift in Sources */ = {isa = PBXBuildFile; fileRef = 5EB05BAB2AC6A0F400141CE0 /* GlobalService.swift */; };
		5EB05BAE2AC6A39800141CE0 /* GlobalState.swift in Sources */ = {isa = PBXBuildFile; fileRef = 5EB05BAD2AC6A39800141CE0 /* GlobalState.swift */; };
		5EB05BB12AC6B74500141CE0 /* MessageStore.swift in Sources */ = {isa = PBXBuildFile; fileRef = 5EB05BB02AC6B74500141CE0 /* MessageStore.swift */; };
		5EB05BB32AC6B74D00141CE0 /* MessageAction.swift in Sources */ = {isa = PBXBuildFile; fileRef = 5EB05BB22AC6B74D00141CE0 /* MessageAction.swift */; };
		5EB05BB52AC6B75600141CE0 /* MessageState.swift in Sources */ = {isa = PBXBuildFile; fileRef = 5EB05BB42AC6B75600141CE0 /* MessageState.swift */; };
		5EB05BB72AC6B76500141CE0 /* MessageService.swift in Sources */ = {isa = PBXBuildFile; fileRef = 5EB05BB62AC6B76500141CE0 /* MessageService.swift */; };
		5EB05BB92AC6B8C800141CE0 /* FirebaseManager.swift in Sources */ = {isa = PBXBuildFile; fileRef = 5EB05BB82AC6B8C800141CE0 /* FirebaseManager.swift */; };
		5EB05BC12AC6B9D000141CE0 /* AuthAction.swift in Sources */ = {isa = PBXBuildFile; fileRef = 5EB05BC02AC6B9D000141CE0 /* AuthAction.swift */; };
		5EB05BC32AC6B9E400141CE0 /* AuthState.swift in Sources */ = {isa = PBXBuildFile; fileRef = 5EB05BC22AC6B9E400141CE0 /* AuthState.swift */; };
		5EB05BC52AC6B9F900141CE0 /* AuthService.swift in Sources */ = {isa = PBXBuildFile; fileRef = 5EB05BC42AC6B9F900141CE0 /* AuthService.swift */; };
		5EB05BC92AC6C16700141CE0 /* NotificationScreen.swift in Sources */ = {isa = PBXBuildFile; fileRef = 5EB05BC82AC6C16700141CE0 /* NotificationScreen.swift */; };
		5EB05BCF2ACFC50200141CE0 /* Font.swift in Sources */ = {isa = PBXBuildFile; fileRef = 5EB05BCE2ACFC50100141CE0 /* Font.swift */; };
		5EC952C02AF1783C0004FC89 /* LaunchScreen.storyboard in Resources */ = {isa = PBXBuildFile; fileRef = 5EC952BF2AF1783C0004FC89 /* LaunchScreen.storyboard */; };
		5EC952C42AF239AD0004FC89 /* FirebaseState.swift in Sources */ = {isa = PBXBuildFile; fileRef = 5EC952C32AF239AD0004FC89 /* FirebaseState.swift */; };
		5ECF4F6C2AAE1930008BEC9C /* UploadScreen.swift in Sources */ = {isa = PBXBuildFile; fileRef = 5ECF4F6B2AAE1930008BEC9C /* UploadScreen.swift */; };
		5ECF4F6E2AAE193A008BEC9C /* SearchScreen.swift in Sources */ = {isa = PBXBuildFile; fileRef = 5ECF4F6D2AAE193A008BEC9C /* SearchScreen.swift */; };
		5ECF4F702AAE2B7E008BEC9C /* DefaultInputStyle.swift in Sources */ = {isa = PBXBuildFile; fileRef = 5ECF4F6F2AAE2B7E008BEC9C /* DefaultInputStyle.swift */; };
		5ECF4F722AAE2FB9008BEC9C /* ShowPasswordModifier.swift in Sources */ = {isa = PBXBuildFile; fileRef = 5ECF4F712AAE2FB9008BEC9C /* ShowPasswordModifier.swift */; };
		5ECF4F752AAF2194008BEC9C /* FirebaseDatabase in Frameworks */ = {isa = PBXBuildFile; productRef = 5ECF4F742AAF2194008BEC9C /* FirebaseDatabase */; };
		5ECF4F772AAF2DA5008BEC9C /* SearchStore.swift in Sources */ = {isa = PBXBuildFile; fileRef = 5ECF4F762AAF2DA5008BEC9C /* SearchStore.swift */; };
		5ECF4F7D2AB028C9008BEC9C /* MessageScreen.swift in Sources */ = {isa = PBXBuildFile; fileRef = 5ECF4F7C2AB028C9008BEC9C /* MessageScreen.swift */; };
		5ECF4F7F2AB06616008BEC9C /* GlobalStore.swift in Sources */ = {isa = PBXBuildFile; fileRef = 5ECF4F7E2AB06616008BEC9C /* GlobalStore.swift */; };
		5ECF4F822AB06DEE008BEC9C /* UserTab.swift in Sources */ = {isa = PBXBuildFile; fileRef = 5ECF4F812AB06DEE008BEC9C /* UserTab.swift */; };
		5ECF4F852AB1CBBE008BEC9C /* Constant.swift in Sources */ = {isa = PBXBuildFile; fileRef = 5ECF4F842AB1CBBD008BEC9C /* Constant.swift */; };
		5EFD1F382AF39AE500123842 /* CustomVideoPlayer.swift in Sources */ = {isa = PBXBuildFile; fileRef = 5EFD1F372AF39AE500123842 /* CustomVideoPlayer.swift */; };
		5EFD1F3A2AF39BA600123842 /* CustomVideoPlayerController.swift in Sources */ = {isa = PBXBuildFile; fileRef = 5EFD1F392AF39BA600123842 /* CustomVideoPlayerController.swift */; };
		5EFD1F3D2AF8A2AC00123842 /* YouTubePlayerKit in Frameworks */ = {isa = PBXBuildFile; productRef = 5EFD1F3C2AF8A2AC00123842 /* YouTubePlayerKit */; };
		5EFD1F402AF8A89E00123842 /* Shimmer in Frameworks */ = {isa = PBXBuildFile; productRef = 5EFD1F3F2AF8A89E00123842 /* Shimmer */; };
		5EFD1F422AF8ACB300123842 /* WebViewUI.swift in Sources */ = {isa = PBXBuildFile; fileRef = 5EFD1F412AF8ACB300123842 /* WebViewUI.swift */; };
		5EFD1F442AF9F99600123842 /* CustomShimmerGithub.swift in Sources */ = {isa = PBXBuildFile; fileRef = 5EFD1F432AF9F99600123842 /* CustomShimmerGithub.swift */; };
/* End PBXBuildFile section */

/* Begin PBXContainerItemProxy section */
		5E4410AD2AA7101B00781FEF /* PBXContainerItemProxy */ = {
			isa = PBXContainerItemProxy;
			containerPortal = 5E4410942AA7101800781FEF /* Project object */;
			proxyType = 1;
			remoteGlobalIDString = 5E44109B2AA7101800781FEF;
			remoteInfo = InstagramClone;
		};
		5E4410B72AA7101B00781FEF /* PBXContainerItemProxy */ = {
			isa = PBXContainerItemProxy;
			containerPortal = 5E4410942AA7101800781FEF /* Project object */;
			proxyType = 1;
			remoteGlobalIDString = 5E44109B2AA7101800781FEF;
			remoteInfo = InstagramClone;
		};
/* End PBXContainerItemProxy section */

/* Begin PBXFileReference section */
		5E358F842AD5C40A0090A0D4 /* Localizable.xcstrings */ = {isa = PBXFileReference; lastKnownFileType = text.json.xcstrings; path = Localizable.xcstrings; sourceTree = "<group>"; };
		5E44109C2AA7101800781FEF /* InstagramClone.app */ = {isa = PBXFileReference; explicitFileType = wrapper.application; includeInIndex = 0; path = InstagramClone.app; sourceTree = BUILT_PRODUCTS_DIR; };
		5E44109F2AA7101800781FEF /* InstagramCloneApp.swift */ = {isa = PBXFileReference; lastKnownFileType = sourcecode.swift; path = InstagramCloneApp.swift; sourceTree = "<group>"; };
		5E4410A12AA7101800781FEF /* ContentView.swift */ = {isa = PBXFileReference; lastKnownFileType = sourcecode.swift; path = ContentView.swift; sourceTree = "<group>"; };
		5E4410A32AA7101B00781FEF /* Assets.xcassets */ = {isa = PBXFileReference; lastKnownFileType = folder.assetcatalog; path = Assets.xcassets; sourceTree = "<group>"; };
		5E4410A62AA7101B00781FEF /* Preview Assets.xcassets */ = {isa = PBXFileReference; lastKnownFileType = folder.assetcatalog; path = "Preview Assets.xcassets"; sourceTree = "<group>"; };
		5E4410AC2AA7101B00781FEF /* InstagramCloneTests.xctest */ = {isa = PBXFileReference; explicitFileType = wrapper.cfbundle; includeInIndex = 0; path = InstagramCloneTests.xctest; sourceTree = BUILT_PRODUCTS_DIR; };
		5E4410B02AA7101B00781FEF /* InstagramCloneTests.swift */ = {isa = PBXFileReference; lastKnownFileType = sourcecode.swift; path = InstagramCloneTests.swift; sourceTree = "<group>"; };
		5E4410B62AA7101B00781FEF /* InstagramCloneUITests.xctest */ = {isa = PBXFileReference; explicitFileType = wrapper.cfbundle; includeInIndex = 0; path = InstagramCloneUITests.xctest; sourceTree = BUILT_PRODUCTS_DIR; };
		5E4410BA2AA7101B00781FEF /* InstagramCloneUITests.swift */ = {isa = PBXFileReference; lastKnownFileType = sourcecode.swift; path = InstagramCloneUITests.swift; sourceTree = "<group>"; };
		5E4410BC2AA7101B00781FEF /* InstagramCloneUITestsLaunchTests.swift */ = {isa = PBXFileReference; lastKnownFileType = sourcecode.swift; path = InstagramCloneUITestsLaunchTests.swift; sourceTree = "<group>"; };
		5E4410CD2AA7370F00781FEF /* LoginView.swift */ = {isa = PBXFileReference; lastKnownFileType = sourcecode.swift; path = LoginView.swift; sourceTree = "<group>"; };
		5E4410D42AA83D4B00781FEF /* AuthStore.swift */ = {isa = PBXFileReference; lastKnownFileType = sourcecode.swift; path = AuthStore.swift; sourceTree = "<group>"; };
		5E4410DC2AA865F900781FEF /* GoogleService-Info.plist */ = {isa = PBXFileReference; fileEncoding = 4; lastKnownFileType = text.plist.xml; path = "GoogleService-Info.plist"; sourceTree = "<group>"; };
		5E4410E52AA88AB200781FEF /* SignupView.swift */ = {isa = PBXFileReference; lastKnownFileType = sourcecode.swift; path = SignupView.swift; sourceTree = "<group>"; };
		5E4410E92AA89D2E00781FEF /* HomeScreen.swift */ = {isa = PBXFileReference; lastKnownFileType = sourcecode.swift; path = HomeScreen.swift; sourceTree = "<group>"; };
		5E4410EB2AA98C2800781FEF /* InstagramLogo.swift */ = {isa = PBXFileReference; lastKnownFileType = sourcecode.swift; path = InstagramLogo.swift; sourceTree = "<group>"; };
		5E4410ED2AA98C9D00781FEF /* AuthErrorHandler.swift */ = {isa = PBXFileReference; lastKnownFileType = sourcecode.swift; path = AuthErrorHandler.swift; sourceTree = "<group>"; };
		5E4410F42AA98D9E00781FEF /* PrimaryButton.swift */ = {isa = PBXFileReference; lastKnownFileType = sourcecode.swift; path = PrimaryButton.swift; sourceTree = "<group>"; };
		5E4410F62AA9962D00781FEF /* PasswordField.swift */ = {isa = PBXFileReference; lastKnownFileType = sourcecode.swift; path = PasswordField.swift; sourceTree = "<group>"; };
		5E4410FC2AAAE62E00781FEF /* MessageDetailScreen.swift */ = {isa = PBXFileReference; lastKnownFileType = sourcecode.swift; path = MessageDetailScreen.swift; sourceTree = "<group>"; };
		5E4411002AAAE66500781FEF /* ProfileScreen.swift */ = {isa = PBXFileReference; lastKnownFileType = sourcecode.swift; path = ProfileScreen.swift; sourceTree = "<group>"; };
		5E4411022AAAE6E200781FEF /* Tabbar.swift */ = {isa = PBXFileReference; lastKnownFileType = sourcecode.swift; path = Tabbar.swift; sourceTree = "<group>"; };
		5E576B482ADF9C0700C96EED /* SearchAction.swift */ = {isa = PBXFileReference; lastKnownFileType = sourcecode.swift; path = SearchAction.swift; sourceTree = "<group>"; };
		5E576B4A2ADF9C1F00C96EED /* SearchState.swift */ = {isa = PBXFileReference; lastKnownFileType = sourcecode.swift; path = SearchState.swift; sourceTree = "<group>"; };
		5E576B4C2ADF9C3300C96EED /* SearchService.swift */ = {isa = PBXFileReference; lastKnownFileType = sourcecode.swift; path = SearchService.swift; sourceTree = "<group>"; };
		5E9C79782AE26E9C0084FF23 /* CustomShimmer.swift */ = {isa = PBXFileReference; lastKnownFileType = sourcecode.swift; path = CustomShimmer.swift; sourceTree = "<group>"; };
		5E9F1A552AD799FD004B5E54 /* UploadStore.swift */ = {isa = PBXFileReference; lastKnownFileType = sourcecode.swift; path = UploadStore.swift; sourceTree = "<group>"; };
		5E9F1A572AD79A06004B5E54 /* UploadAction.swift */ = {isa = PBXFileReference; lastKnownFileType = sourcecode.swift; path = UploadAction.swift; sourceTree = "<group>"; };
		5E9F1A592AD79A1A004B5E54 /* UploadState.swift */ = {isa = PBXFileReference; lastKnownFileType = sourcecode.swift; path = UploadState.swift; sourceTree = "<group>"; };
		5E9F1A5B2AD79A28004B5E54 /* UploadService.swift */ = {isa = PBXFileReference; lastKnownFileType = sourcecode.swift; path = UploadService.swift; sourceTree = "<group>"; };
		5E9F1A612AD7D482004B5E54 /* HomeStore.swift */ = {isa = PBXFileReference; lastKnownFileType = sourcecode.swift; path = HomeStore.swift; sourceTree = "<group>"; };
		5E9F1A632AD7D489004B5E54 /* HomeAction.swift */ = {isa = PBXFileReference; lastKnownFileType = sourcecode.swift; path = HomeAction.swift; sourceTree = "<group>"; };
		5E9F1A652AD7D48F004B5E54 /* HomeState.swift */ = {isa = PBXFileReference; lastKnownFileType = sourcecode.swift; path = HomeState.swift; sourceTree = "<group>"; };
		5E9F1A672AD7D49D004B5E54 /* HomeService.swift */ = {isa = PBXFileReference; lastKnownFileType = sourcecode.swift; path = HomeService.swift; sourceTree = "<group>"; };
		5E9F1A692AD9059A004B5E54 /* UIImage.swift */ = {isa = PBXFileReference; lastKnownFileType = sourcecode.swift; path = UIImage.swift; sourceTree = "<group>"; };
		5EABBCF92AD5113C0052AAF5 /* Icons.swift */ = {isa = PBXFileReference; lastKnownFileType = sourcecode.swift; path = Icons.swift; sourceTree = "<group>"; };
		5EABBCFB2AD512BB0052AAF5 /* Colors.swift */ = {isa = PBXFileReference; lastKnownFileType = sourcecode.swift; path = Colors.swift; sourceTree = "<group>"; };
		5EABBCFD2AD5133E0052AAF5 /* String.swift */ = {isa = PBXFileReference; lastKnownFileType = sourcecode.swift; path = String.swift; sourceTree = "<group>"; };
		5EABBCFF2AD516850052AAF5 /* Images.swift */ = {isa = PBXFileReference; lastKnownFileType = sourcecode.swift; path = Images.swift; sourceTree = "<group>"; };
		5EB05B9B2AC3E03800141CE0 /* Date.swift */ = {isa = PBXFileReference; lastKnownFileType = sourcecode.swift; path = Date.swift; sourceTree = "<group>"; };
		5EB05BA42AC67CD400141CE0 /* Network.swift */ = {isa = PBXFileReference; lastKnownFileType = sourcecode.swift; path = Network.swift; sourceTree = "<group>"; };
		5EB05BA92AC6A0E300141CE0 /* GlobalAction.swift */ = {isa = PBXFileReference; lastKnownFileType = sourcecode.swift; path = GlobalAction.swift; sourceTree = "<group>"; };
		5EB05BAB2AC6A0F400141CE0 /* GlobalService.swift */ = {isa = PBXFileReference; lastKnownFileType = sourcecode.swift; path = GlobalService.swift; sourceTree = "<group>"; };
		5EB05BAD2AC6A39800141CE0 /* GlobalState.swift */ = {isa = PBXFileReference; lastKnownFileType = sourcecode.swift; path = GlobalState.swift; sourceTree = "<group>"; };
		5EB05BB02AC6B74500141CE0 /* MessageStore.swift */ = {isa = PBXFileReference; lastKnownFileType = sourcecode.swift; path = MessageStore.swift; sourceTree = "<group>"; };
		5EB05BB22AC6B74D00141CE0 /* MessageAction.swift */ = {isa = PBXFileReference; lastKnownFileType = sourcecode.swift; path = MessageAction.swift; sourceTree = "<group>"; };
		5EB05BB42AC6B75600141CE0 /* MessageState.swift */ = {isa = PBXFileReference; lastKnownFileType = sourcecode.swift; path = MessageState.swift; sourceTree = "<group>"; };
		5EB05BB62AC6B76500141CE0 /* MessageService.swift */ = {isa = PBXFileReference; lastKnownFileType = sourcecode.swift; path = MessageService.swift; sourceTree = "<group>"; };
		5EB05BB82AC6B8C800141CE0 /* FirebaseManager.swift */ = {isa = PBXFileReference; lastKnownFileType = sourcecode.swift; path = FirebaseManager.swift; sourceTree = "<group>"; };
		5EB05BC02AC6B9D000141CE0 /* AuthAction.swift */ = {isa = PBXFileReference; lastKnownFileType = sourcecode.swift; path = AuthAction.swift; sourceTree = "<group>"; };
		5EB05BC22AC6B9E400141CE0 /* AuthState.swift */ = {isa = PBXFileReference; lastKnownFileType = sourcecode.swift; path = AuthState.swift; sourceTree = "<group>"; };
		5EB05BC42AC6B9F900141CE0 /* AuthService.swift */ = {isa = PBXFileReference; lastKnownFileType = sourcecode.swift; path = AuthService.swift; sourceTree = "<group>"; };
		5EB05BC82AC6C16700141CE0 /* NotificationScreen.swift */ = {isa = PBXFileReference; lastKnownFileType = sourcecode.swift; path = NotificationScreen.swift; sourceTree = "<group>"; };
		5EB05BCE2ACFC50100141CE0 /* Font.swift */ = {isa = PBXFileReference; lastKnownFileType = sourcecode.swift; path = Font.swift; sourceTree = "<group>"; };
		5EC952BE2AF172280004FC89 /* Info.plist */ = {isa = PBXFileReference; lastKnownFileType = text.plist; path = Info.plist; sourceTree = "<group>"; };
		5EC952BF2AF1783C0004FC89 /* LaunchScreen.storyboard */ = {isa = PBXFileReference; lastKnownFileType = file.storyboard; path = LaunchScreen.storyboard; sourceTree = "<group>"; };
		5EC952C32AF239AD0004FC89 /* FirebaseState.swift */ = {isa = PBXFileReference; lastKnownFileType = sourcecode.swift; path = FirebaseState.swift; sourceTree = "<group>"; };
		5ECF4F6B2AAE1930008BEC9C /* UploadScreen.swift */ = {isa = PBXFileReference; lastKnownFileType = sourcecode.swift; path = UploadScreen.swift; sourceTree = "<group>"; };
		5ECF4F6D2AAE193A008BEC9C /* SearchScreen.swift */ = {isa = PBXFileReference; lastKnownFileType = sourcecode.swift; path = SearchScreen.swift; sourceTree = "<group>"; };
		5ECF4F6F2AAE2B7E008BEC9C /* DefaultInputStyle.swift */ = {isa = PBXFileReference; lastKnownFileType = sourcecode.swift; path = DefaultInputStyle.swift; sourceTree = "<group>"; };
		5ECF4F712AAE2FB9008BEC9C /* ShowPasswordModifier.swift */ = {isa = PBXFileReference; lastKnownFileType = sourcecode.swift; path = ShowPasswordModifier.swift; sourceTree = "<group>"; };
		5ECF4F762AAF2DA5008BEC9C /* SearchStore.swift */ = {isa = PBXFileReference; lastKnownFileType = sourcecode.swift; path = SearchStore.swift; sourceTree = "<group>"; };
		5ECF4F7C2AB028C9008BEC9C /* MessageScreen.swift */ = {isa = PBXFileReference; lastKnownFileType = sourcecode.swift; path = MessageScreen.swift; sourceTree = "<group>"; };
		5ECF4F7E2AB06616008BEC9C /* GlobalStore.swift */ = {isa = PBXFileReference; lastKnownFileType = sourcecode.swift; path = GlobalStore.swift; sourceTree = "<group>"; };
		5ECF4F812AB06DEE008BEC9C /* UserTab.swift */ = {isa = PBXFileReference; lastKnownFileType = sourcecode.swift; path = UserTab.swift; sourceTree = "<group>"; };
		5ECF4F842AB1CBBD008BEC9C /* Constant.swift */ = {isa = PBXFileReference; lastKnownFileType = sourcecode.swift; path = Constant.swift; sourceTree = "<group>"; };
		5EFD1F372AF39AE500123842 /* CustomVideoPlayer.swift */ = {isa = PBXFileReference; lastKnownFileType = sourcecode.swift; path = CustomVideoPlayer.swift; sourceTree = "<group>"; };
		5EFD1F392AF39BA600123842 /* CustomVideoPlayerController.swift */ = {isa = PBXFileReference; lastKnownFileType = sourcecode.swift; path = CustomVideoPlayerController.swift; sourceTree = "<group>"; };
		5EFD1F412AF8ACB300123842 /* WebViewUI.swift */ = {isa = PBXFileReference; lastKnownFileType = sourcecode.swift; path = WebViewUI.swift; sourceTree = "<group>"; };
		5EFD1F432AF9F99600123842 /* CustomShimmerGithub.swift */ = {isa = PBXFileReference; lastKnownFileType = sourcecode.swift; path = CustomShimmerGithub.swift; sourceTree = "<group>"; };
/* End PBXFileReference section */

/* Begin PBXFrameworksBuildPhase section */
		5E4410992AA7101800781FEF /* Frameworks */ = {
			isa = PBXFrameworksBuildPhase;
			buildActionMask = 2147483647;
			files = (
				5E4410E02AA866DA00781FEF /* FirebaseAuth in Frameworks */,
				5E4410E22AA866DA00781FEF /* FirebaseFirestore in Frameworks */,
				5EFD1F3D2AF8A2AC00123842 /* YouTubePlayerKit in Frameworks */,
				5ECF4F752AAF2194008BEC9C /* FirebaseDatabase in Frameworks */,
				5E4410E42AA866DA00781FEF /* FirebaseStorage in Frameworks */,
				5EFD1F402AF8A89E00123842 /* Shimmer in Frameworks */,
				5E9C79772AE226630084FF23 /* AsyncAlgorithms in Frameworks */,
			);
			runOnlyForDeploymentPostprocessing = 0;
		};
		5E4410A92AA7101B00781FEF /* Frameworks */ = {
			isa = PBXFrameworksBuildPhase;
			buildActionMask = 2147483647;
			files = (
			);
			runOnlyForDeploymentPostprocessing = 0;
		};
		5E4410B32AA7101B00781FEF /* Frameworks */ = {
			isa = PBXFrameworksBuildPhase;
			buildActionMask = 2147483647;
			files = (
			);
			runOnlyForDeploymentPostprocessing = 0;
		};
/* End PBXFrameworksBuildPhase section */

/* Begin PBXGroup section */
		5E4410932AA7101800781FEF = {
			isa = PBXGroup;
			children = (
				5E44109E2AA7101800781FEF /* InstagramClone */,
				5E4410AF2AA7101B00781FEF /* InstagramCloneTests */,
				5E4410B92AA7101B00781FEF /* InstagramCloneUITests */,
				5E44109D2AA7101800781FEF /* Products */,
				5ECF4F732AAF2194008BEC9C /* Frameworks */,
			);
			sourceTree = "<group>";
		};
		5E44109D2AA7101800781FEF /* Products */ = {
			isa = PBXGroup;
			children = (
				5E44109C2AA7101800781FEF /* InstagramClone.app */,
				5E4410AC2AA7101B00781FEF /* InstagramCloneTests.xctest */,
				5E4410B62AA7101B00781FEF /* InstagramCloneUITests.xctest */,
			);
			name = Products;
			sourceTree = "<group>";
		};
		5E44109E2AA7101800781FEF /* InstagramClone */ = {
			isa = PBXGroup;
			children = (
				5EC952BE2AF172280004FC89 /* Info.plist */,
				5EB05B9F2AC5D05700141CE0 /* Common */,
				5E4410DC2AA865F900781FEF /* GoogleService-Info.plist */,
				5E4410C92AA7366400781FEF /* Module */,
				5E4410A12AA7101800781FEF /* ContentView.swift */,
				5E44109F2AA7101800781FEF /* InstagramCloneApp.swift */,
				5E4410A32AA7101B00781FEF /* Assets.xcassets */,
				5E4410A52AA7101B00781FEF /* Preview Content */,
				5EC952BF2AF1783C0004FC89 /* LaunchScreen.storyboard */,
			);
			path = InstagramClone;
			sourceTree = "<group>";
		};
		5E4410A52AA7101B00781FEF /* Preview Content */ = {
			isa = PBXGroup;
			children = (
				5E4410A62AA7101B00781FEF /* Preview Assets.xcassets */,
			);
			path = "Preview Content";
			sourceTree = "<group>";
		};
		5E4410AF2AA7101B00781FEF /* InstagramCloneTests */ = {
			isa = PBXGroup;
			children = (
				5E4410B02AA7101B00781FEF /* InstagramCloneTests.swift */,
			);
			path = InstagramCloneTests;
			sourceTree = "<group>";
		};
		5E4410B92AA7101B00781FEF /* InstagramCloneUITests */ = {
			isa = PBXGroup;
			children = (
				5E4410BA2AA7101B00781FEF /* InstagramCloneUITests.swift */,
				5E4410BC2AA7101B00781FEF /* InstagramCloneUITestsLaunchTests.swift */,
			);
			path = InstagramCloneUITests;
			sourceTree = "<group>";
		};
		5E4410C92AA7366400781FEF /* Module */ = {
			isa = PBXGroup;
			children = (
				5EB05BCB2AC6CCC700141CE0 /* Search */,
				5EB05BCA2AC6CCA900141CE0 /* Post */,
				5EB05BC72AC6C15000141CE0 /* Profile */,
				5EB05BC62AC6C13000141CE0 /* Home */,
				5E4410FB2AAAE60700781FEF /* Messaging */,
				5E4410E82AA89D0500781FEF /* BottomTab */,
				5E4410CA2AA7366F00781FEF /* Auth */,
			);
			path = Module;
			sourceTree = "<group>";
		};
		5E4410CA2AA7366F00781FEF /* Auth */ = {
			isa = PBXGroup;
			children = (
				5EB05BBC2AC6B91E00141CE0 /* Views */,
				5EB05BA22AC67B9100141CE0 /* Store */,
			);
			path = Auth;
			sourceTree = "<group>";
		};
		5E4410D32AA83CDF00781FEF /* Store */ = {
			isa = PBXGroup;
			children = (
				5ECF4F7E2AB06616008BEC9C /* GlobalStore.swift */,
				5EB05BA92AC6A0E300141CE0 /* GlobalAction.swift */,
				5EB05BAB2AC6A0F400141CE0 /* GlobalService.swift */,
				5EB05BAD2AC6A39800141CE0 /* GlobalState.swift */,
			);
			path = Store;
			sourceTree = "<group>";
		};
		5E4410E72AA88BC700781FEF /* Components */ = {
			isa = PBXGroup;
			children = (
				5E4410EB2AA98C2800781FEF /* InstagramLogo.swift */,
				5E4410ED2AA98C9D00781FEF /* AuthErrorHandler.swift */,
			);
			path = Components;
			sourceTree = "<group>";
		};
		5E4410E82AA89D0500781FEF /* BottomTab */ = {
			isa = PBXGroup;
			children = (
				5EB05BBB2AC6B90C00141CE0 /* Views */,
			);
			path = BottomTab;
			sourceTree = "<group>";
		};
		5E4410F32AA98D9000781FEF /* Components */ = {
			isa = PBXGroup;
			children = (
				5EFD1F362AF39AD800123842 /* CustomVideoPlayer */,
				5E4410F42AA98D9E00781FEF /* PrimaryButton.swift */,
				5E4410F62AA9962D00781FEF /* PasswordField.swift */,
				5ECF4F812AB06DEE008BEC9C /* UserTab.swift */,
				5E9C79782AE26E9C0084FF23 /* CustomShimmer.swift */,
				5EFD1F412AF8ACB300123842 /* WebViewUI.swift */,
				5EFD1F432AF9F99600123842 /* CustomShimmerGithub.swift */,
			);
			path = Components;
			sourceTree = "<group>";
		};
		5E4410F82AA9C78A00781FEF /* Modifer */ = {
			isa = PBXGroup;
			children = (
				5ECF4F712AAE2FB9008BEC9C /* ShowPasswordModifier.swift */,
			);
			path = Modifer;
			sourceTree = "<group>";
		};
		5E4410FB2AAAE60700781FEF /* Messaging */ = {
			isa = PBXGroup;
			children = (
				5EB05BBA2AC6B8EE00141CE0 /* Views */,
				5EB05BA02AC67B8000141CE0 /* Store */,
			);
			path = Messaging;
			sourceTree = "<group>";
		};
		5E9F1A532AD799B2004B5E54 /* Store */ = {
			isa = PBXGroup;
			children = (
				5E9F1A542AD799BE004B5E54 /* UploadStore */,
			);
			name = Store;
			sourceTree = "<group>";
		};
		5E9F1A542AD799BE004B5E54 /* UploadStore */ = {
			isa = PBXGroup;
			children = (
				5E9F1A552AD799FD004B5E54 /* UploadStore.swift */,
				5E9F1A572AD79A06004B5E54 /* UploadAction.swift */,
				5E9F1A592AD79A1A004B5E54 /* UploadState.swift */,
				5E9F1A5B2AD79A28004B5E54 /* UploadService.swift */,
			);
			name = UploadStore;
			sourceTree = "<group>";
		};
		5E9F1A5D2AD7D44B004B5E54 /* Views */ = {
			isa = PBXGroup;
			children = (
				5E4410E92AA89D2E00781FEF /* HomeScreen.swift */,
				5EB05BC82AC6C16700141CE0 /* NotificationScreen.swift */,
			);
			path = Views;
			sourceTree = "<group>";
		};
		5E9F1A5F2AD7D45F004B5E54 /* Store */ = {
			isa = PBXGroup;
			children = (
				5E9F1A612AD7D482004B5E54 /* HomeStore.swift */,
				5E9F1A632AD7D489004B5E54 /* HomeAction.swift */,
				5E9F1A652AD7D48F004B5E54 /* HomeState.swift */,
				5E9F1A672AD7D49D004B5E54 /* HomeService.swift */,
			);
			path = Store;
			sourceTree = "<group>";
		};
		5E9F1A602AD7D469004B5E54 /* Views */ = {
			isa = PBXGroup;
			children = (
				5ECF4F6B2AAE1930008BEC9C /* UploadScreen.swift */,
			);
			name = Views;
			sourceTree = "<group>";
		};
		5EABBCF82AD4FE780052AAF5 /* Localization */ = {
			isa = PBXGroup;
			children = (
				5E358F842AD5C40A0090A0D4 /* Localizable.xcstrings */,
			);
			path = Localization;
			sourceTree = "<group>";
		};
		5EB05B9D2AC3E03B00141CE0 /* Extensions */ = {
			isa = PBXGroup;
			children = (
				5EB05B9B2AC3E03800141CE0 /* Date.swift */,
				5EB05BCE2ACFC50100141CE0 /* Font.swift */,
				5EABBCFD2AD5133E0052AAF5 /* String.swift */,
				5E9F1A692AD9059A004B5E54 /* UIImage.swift */,
			);
			path = Extensions;
			sourceTree = "<group>";
		};
		5EB05B9F2AC5D05700141CE0 /* Common */ = {
			isa = PBXGroup;
			children = (
				5EABBCF82AD4FE780052AAF5 /* Localization */,
				5EB05BCC2ACE777900141CE0 /* Styles */,
				5EB05BA62AC6A05000141CE0 /* Constants */,
				5EB05BA32AC67CC800141CE0 /* Enums */,
				5E4410D32AA83CDF00781FEF /* Store */,
				5ECF4F832AB1CB7E008BEC9C /* Manager */,
				5E4410F32AA98D9000781FEF /* Components */,
				5EB05B9D2AC3E03B00141CE0 /* Extensions */,
				5E4410F82AA9C78A00781FEF /* Modifer */,
			);
			path = Common;
			sourceTree = "<group>";
		};
		5EB05BA02AC67B8000141CE0 /* Store */ = {
			isa = PBXGroup;
			children = (
				5EB05BAF2AC6B73900141CE0 /* MessageStore */,
			);
			path = Store;
			sourceTree = "<group>";
		};
		5EB05BA12AC67B8600141CE0 /* Store */ = {
			isa = PBXGroup;
			children = (
				5ECF4F762AAF2DA5008BEC9C /* SearchStore.swift */,
				5E576B482ADF9C0700C96EED /* SearchAction.swift */,
				5E576B4A2ADF9C1F00C96EED /* SearchState.swift */,
				5E576B4C2ADF9C3300C96EED /* SearchService.swift */,
			);
			path = Store;
			sourceTree = "<group>";
		};
		5EB05BA22AC67B9100141CE0 /* Store */ = {
			isa = PBXGroup;
			children = (
				5EB05BBF2AC6B9BD00141CE0 /* AuthStore */,
			);
			path = Store;
			sourceTree = "<group>";
		};
		5EB05BA32AC67CC800141CE0 /* Enums */ = {
			isa = PBXGroup;
			children = (
				5EB05BA42AC67CD400141CE0 /* Network.swift */,
			);
			path = Enums;
			sourceTree = "<group>";
		};
		5EB05BA62AC6A05000141CE0 /* Constants */ = {
			isa = PBXGroup;
			children = (
				5ECF4F842AB1CBBD008BEC9C /* Constant.swift */,
				5EABBCF92AD5113C0052AAF5 /* Icons.swift */,
				5EABBCFB2AD512BB0052AAF5 /* Colors.swift */,
				5EABBCFF2AD516850052AAF5 /* Images.swift */,
			);
			path = Constants;
			sourceTree = "<group>";
		};
		5EB05BAF2AC6B73900141CE0 /* MessageStore */ = {
			isa = PBXGroup;
			children = (
				5EB05BB02AC6B74500141CE0 /* MessageStore.swift */,
				5EB05BB22AC6B74D00141CE0 /* MessageAction.swift */,
				5EB05BB42AC6B75600141CE0 /* MessageState.swift */,
				5EB05BB62AC6B76500141CE0 /* MessageService.swift */,
			);
			path = MessageStore;
			sourceTree = "<group>";
		};
		5EB05BBA2AC6B8EE00141CE0 /* Views */ = {
			isa = PBXGroup;
			children = (
				5E4410FC2AAAE62E00781FEF /* MessageDetailScreen.swift */,
				5ECF4F7C2AB028C9008BEC9C /* MessageScreen.swift */,
			);
			path = Views;
			sourceTree = "<group>";
		};
		5EB05BBB2AC6B90C00141CE0 /* Views */ = {
			isa = PBXGroup;
			children = (
				5E4411022AAAE6E200781FEF /* Tabbar.swift */,
			);
			path = Views;
			sourceTree = "<group>";
		};
		5EB05BBC2AC6B91E00141CE0 /* Views */ = {
			isa = PBXGroup;
			children = (
				5E4410E72AA88BC700781FEF /* Components */,
				5E4410CD2AA7370F00781FEF /* LoginView.swift */,
				5E4410E52AA88AB200781FEF /* SignupView.swift */,
			);
			path = Views;
			sourceTree = "<group>";
		};
		5EB05BBF2AC6B9BD00141CE0 /* AuthStore */ = {
			isa = PBXGroup;
			children = (
				5E4410D42AA83D4B00781FEF /* AuthStore.swift */,
				5EB05BC02AC6B9D000141CE0 /* AuthAction.swift */,
				5EB05BC22AC6B9E400141CE0 /* AuthState.swift */,
				5EB05BC42AC6B9F900141CE0 /* AuthService.swift */,
			);
			path = AuthStore;
			sourceTree = "<group>";
		};
		5EB05BC62AC6C13000141CE0 /* Home */ = {
			isa = PBXGroup;
			children = (
				5E9F1A5F2AD7D45F004B5E54 /* Store */,
				5E9F1A5D2AD7D44B004B5E54 /* Views */,
			);
			path = Home;
			sourceTree = "<group>";
		};
		5EB05BC72AC6C15000141CE0 /* Profile */ = {
			isa = PBXGroup;
			children = (
				5E4411002AAAE66500781FEF /* ProfileScreen.swift */,
			);
			path = Profile;
			sourceTree = "<group>";
		};
		5EB05BCA2AC6CCA900141CE0 /* Post */ = {
			isa = PBXGroup;
			children = (
				5E9F1A602AD7D469004B5E54 /* Views */,
				5E9F1A532AD799B2004B5E54 /* Store */,
			);
			name = Post;
			sourceTree = "<group>";
		};
		5EB05BCB2AC6CCC700141CE0 /* Search */ = {
			isa = PBXGroup;
			children = (
				5EB05BA12AC67B8600141CE0 /* Store */,
				5ECF4F6D2AAE193A008BEC9C /* SearchScreen.swift */,
			);
			path = Search;
			sourceTree = "<group>";
		};
		5EB05BCC2ACE777900141CE0 /* Styles */ = {
			isa = PBXGroup;
			children = (
				5ECF4F6F2AAE2B7E008BEC9C /* DefaultInputStyle.swift */,
			);
			path = Styles;
			sourceTree = "<group>";
		};
		5ECF4F732AAF2194008BEC9C /* Frameworks */ = {
			isa = PBXGroup;
			children = (
			);
			name = Frameworks;
			sourceTree = "<group>";
		};
		5ECF4F832AB1CB7E008BEC9C /* Manager */ = {
			isa = PBXGroup;
			children = (
				5EB05BB82AC6B8C800141CE0 /* FirebaseManager.swift */,
				5EC952C32AF239AD0004FC89 /* FirebaseState.swift */,
			);
			path = Manager;
			sourceTree = "<group>";
		};
		5EFD1F362AF39AD800123842 /* CustomVideoPlayer */ = {
			isa = PBXGroup;
			children = (
				5EFD1F372AF39AE500123842 /* CustomVideoPlayer.swift */,
				5EFD1F392AF39BA600123842 /* CustomVideoPlayerController.swift */,
			);
			path = CustomVideoPlayer;
			sourceTree = "<group>";
		};
/* End PBXGroup section */

/* Begin PBXNativeTarget section */
		5E44109B2AA7101800781FEF /* InstagramClone */ = {
			isa = PBXNativeTarget;
			buildConfigurationList = 5E4410C02AA7101B00781FEF /* Build configuration list for PBXNativeTarget "InstagramClone" */;
			buildPhases = (
				5E4410982AA7101800781FEF /* Sources */,
				5E4410992AA7101800781FEF /* Frameworks */,
				5E44109A2AA7101800781FEF /* Resources */,
			);
			buildRules = (
			);
			dependencies = (
			);
			name = InstagramClone;
			packageProductDependencies = (
				5E4410DF2AA866DA00781FEF /* FirebaseAuth */,
				5E4410E12AA866DA00781FEF /* FirebaseFirestore */,
				5E4410E32AA866DA00781FEF /* FirebaseStorage */,
				5ECF4F742AAF2194008BEC9C /* FirebaseDatabase */,
				5E9C79762AE226630084FF23 /* AsyncAlgorithms */,
				5EFD1F3C2AF8A2AC00123842 /* YouTubePlayerKit */,
				5EFD1F3F2AF8A89E00123842 /* Shimmer */,
			);
			productName = InstagramClone;
			productReference = 5E44109C2AA7101800781FEF /* InstagramClone.app */;
			productType = "com.apple.product-type.application";
		};
		5E4410AB2AA7101B00781FEF /* InstagramCloneTests */ = {
			isa = PBXNativeTarget;
			buildConfigurationList = 5E4410C32AA7101B00781FEF /* Build configuration list for PBXNativeTarget "InstagramCloneTests" */;
			buildPhases = (
				5E4410A82AA7101B00781FEF /* Sources */,
				5E4410A92AA7101B00781FEF /* Frameworks */,
				5E4410AA2AA7101B00781FEF /* Resources */,
			);
			buildRules = (
			);
			dependencies = (
				5E4410AE2AA7101B00781FEF /* PBXTargetDependency */,
			);
			name = InstagramCloneTests;
			productName = InstagramCloneTests;
			productReference = 5E4410AC2AA7101B00781FEF /* InstagramCloneTests.xctest */;
			productType = "com.apple.product-type.bundle.unit-test";
		};
		5E4410B52AA7101B00781FEF /* InstagramCloneUITests */ = {
			isa = PBXNativeTarget;
			buildConfigurationList = 5E4410C62AA7101B00781FEF /* Build configuration list for PBXNativeTarget "InstagramCloneUITests" */;
			buildPhases = (
				5E4410B22AA7101B00781FEF /* Sources */,
				5E4410B32AA7101B00781FEF /* Frameworks */,
				5E4410B42AA7101B00781FEF /* Resources */,
			);
			buildRules = (
			);
			dependencies = (
				5E4410B82AA7101B00781FEF /* PBXTargetDependency */,
			);
			name = InstagramCloneUITests;
			productName = InstagramCloneUITests;
			productReference = 5E4410B62AA7101B00781FEF /* InstagramCloneUITests.xctest */;
			productType = "com.apple.product-type.bundle.ui-testing";
		};
/* End PBXNativeTarget section */

/* Begin PBXProject section */
		5E4410942AA7101800781FEF /* Project object */ = {
			isa = PBXProject;
			attributes = {
				BuildIndependentTargetsInParallel = 1;
				LastSwiftUpdateCheck = 1500;
				LastUpgradeCheck = 1500;
				TargetAttributes = {
					5E44109B2AA7101800781FEF = {
						CreatedOnToolsVersion = 15.0;
					};
					5E4410AB2AA7101B00781FEF = {
						CreatedOnToolsVersion = 15.0;
						TestTargetID = 5E44109B2AA7101800781FEF;
					};
					5E4410B52AA7101B00781FEF = {
						CreatedOnToolsVersion = 15.0;
						TestTargetID = 5E44109B2AA7101800781FEF;
					};
				};
			};
			buildConfigurationList = 5E4410972AA7101800781FEF /* Build configuration list for PBXProject "InstagramClone" */;
			compatibilityVersion = "Xcode 14.0";
			developmentRegion = en;
			hasScannedForEncodings = 0;
			knownRegions = (
				en,
				Base,
				hi,
			);
			mainGroup = 5E4410932AA7101800781FEF;
			packageReferences = (
				5E4410DE2AA866DA00781FEF /* XCRemoteSwiftPackageReference "firebase-ios-sdk" */,
				5E9C79752AE226630084FF23 /* XCRemoteSwiftPackageReference "swift-async-algorithms" */,
				5EFD1F3B2AF8A2AC00123842 /* XCRemoteSwiftPackageReference "YouTubePlayerKit" */,
				5EFD1F3E2AF8A89E00123842 /* XCRemoteSwiftPackageReference "SwiftUI-Shimmer" */,
			);
			productRefGroup = 5E44109D2AA7101800781FEF /* Products */;
			projectDirPath = "";
			projectRoot = "";
			targets = (
				5E44109B2AA7101800781FEF /* InstagramClone */,
				5E4410AB2AA7101B00781FEF /* InstagramCloneTests */,
				5E4410B52AA7101B00781FEF /* InstagramCloneUITests */,
			);
		};
/* End PBXProject section */

/* Begin PBXResourcesBuildPhase section */
		5E44109A2AA7101800781FEF /* Resources */ = {
			isa = PBXResourcesBuildPhase;
			buildActionMask = 2147483647;
			files = (
				5E4410A72AA7101B00781FEF /* Preview Assets.xcassets in Resources */,
				5E4410A42AA7101B00781FEF /* Assets.xcassets in Resources */,
				5E358F852AD5C40A0090A0D4 /* Localizable.xcstrings in Resources */,
				5EC952C02AF1783C0004FC89 /* LaunchScreen.storyboard in Resources */,
				5E4410DD2AA865F900781FEF /* GoogleService-Info.plist in Resources */,
			);
			runOnlyForDeploymentPostprocessing = 0;
		};
		5E4410AA2AA7101B00781FEF /* Resources */ = {
			isa = PBXResourcesBuildPhase;
			buildActionMask = 2147483647;
			files = (
			);
			runOnlyForDeploymentPostprocessing = 0;
		};
		5E4410B42AA7101B00781FEF /* Resources */ = {
			isa = PBXResourcesBuildPhase;
			buildActionMask = 2147483647;
			files = (
			);
			runOnlyForDeploymentPostprocessing = 0;
		};
/* End PBXResourcesBuildPhase section */

/* Begin PBXSourcesBuildPhase section */
		5E4410982AA7101800781FEF /* Sources */ = {
			isa = PBXSourcesBuildPhase;
			buildActionMask = 2147483647;
			files = (
				5E4410CE2AA7370F00781FEF /* LoginView.swift in Sources */,
				5EC952C42AF239AD0004FC89 /* FirebaseState.swift in Sources */,
				5EABBCFC2AD512BB0052AAF5 /* Colors.swift in Sources */,
				5EABBCFE2AD5133E0052AAF5 /* String.swift in Sources */,
				5EB05BC32AC6B9E400141CE0 /* AuthState.swift in Sources */,
				5E9F1A662AD7D48F004B5E54 /* HomeState.swift in Sources */,
				5E576B492ADF9C0700C96EED /* SearchAction.swift in Sources */,
				5E9F1A562AD799FD004B5E54 /* UploadStore.swift in Sources */,
				5ECF4F6E2AAE193A008BEC9C /* SearchScreen.swift in Sources */,
				5EB05BAC2AC6A0F400141CE0 /* GlobalService.swift in Sources */,
				5E4410FD2AAAE62E00781FEF /* MessageDetailScreen.swift in Sources */,
				5E9F1A5C2AD79A28004B5E54 /* UploadService.swift in Sources */,
				5EABBD002AD516850052AAF5 /* Images.swift in Sources */,
				5ECF4F7D2AB028C9008BEC9C /* MessageScreen.swift in Sources */,
				5E4410F52AA98D9E00781FEF /* PrimaryButton.swift in Sources */,
				5ECF4F722AAE2FB9008BEC9C /* ShowPasswordModifier.swift in Sources */,
				5EB05BA52AC67CD400141CE0 /* Network.swift in Sources */,
				5E4411012AAAE66500781FEF /* ProfileScreen.swift in Sources */,
				5EB05BB12AC6B74500141CE0 /* MessageStore.swift in Sources */,
				5ECF4F6C2AAE1930008BEC9C /* UploadScreen.swift in Sources */,
				5ECF4F702AAE2B7E008BEC9C /* DefaultInputStyle.swift in Sources */,
				5EB05BB52AC6B75600141CE0 /* MessageState.swift in Sources */,
				5ECF4F822AB06DEE008BEC9C /* UserTab.swift in Sources */,
				5E9F1A682AD7D49D004B5E54 /* HomeService.swift in Sources */,
				5E9F1A6A2AD9059A004B5E54 /* UIImage.swift in Sources */,
				5E9F1A622AD7D482004B5E54 /* HomeStore.swift in Sources */,
				5E9F1A582AD79A06004B5E54 /* UploadAction.swift in Sources */,
				5E4410A22AA7101800781FEF /* ContentView.swift in Sources */,
				5EFD1F442AF9F99600123842 /* CustomShimmerGithub.swift in Sources */,
				5EB05BB92AC6B8C800141CE0 /* FirebaseManager.swift in Sources */,
				5E9F1A642AD7D489004B5E54 /* HomeAction.swift in Sources */,
				5E9F1A5A2AD79A1A004B5E54 /* UploadState.swift in Sources */,
				5E9C79792AE26E9C0084FF23 /* CustomShimmer.swift in Sources */,
				5E4410A02AA7101800781FEF /* InstagramCloneApp.swift in Sources */,
				5EB05BB32AC6B74D00141CE0 /* MessageAction.swift in Sources */,
				5E4411032AAAE6E200781FEF /* Tabbar.swift in Sources */,
				5E4410EE2AA98C9D00781FEF /* AuthErrorHandler.swift in Sources */,
				5EB05BAA2AC6A0E300141CE0 /* GlobalAction.swift in Sources */,
				5E4410D52AA83D4B00781FEF /* AuthStore.swift in Sources */,
				5EB05BB72AC6B76500141CE0 /* MessageService.swift in Sources */,
				5EB05BAE2AC6A39800141CE0 /* GlobalState.swift in Sources */,
				5EABBCFA2AD5113C0052AAF5 /* Icons.swift in Sources */,
				5E4410EA2AA89D2E00781FEF /* HomeScreen.swift in Sources */,
				5EFD1F3A2AF39BA600123842 /* CustomVideoPlayerController.swift in Sources */,
				5ECF4F852AB1CBBE008BEC9C /* Constant.swift in Sources */,
				5ECF4F7F2AB06616008BEC9C /* GlobalStore.swift in Sources */,
				5EFD1F422AF8ACB300123842 /* WebViewUI.swift in Sources */,
				5E4410EC2AA98C2800781FEF /* InstagramLogo.swift in Sources */,
				5EB05BC52AC6B9F900141CE0 /* AuthService.swift in Sources */,
				5EB05BC12AC6B9D000141CE0 /* AuthAction.swift in Sources */,
				5EB05B9C2AC3E03800141CE0 /* Date.swift in Sources */,
				5E4410E62AA88AB200781FEF /* SignupView.swift in Sources */,
				5EFD1F382AF39AE500123842 /* CustomVideoPlayer.swift in Sources */,
				5E4410F72AA9962D00781FEF /* PasswordField.swift in Sources */,
				5EB05BCF2ACFC50200141CE0 /* Font.swift in Sources */,
				5E576B4D2ADF9C3300C96EED /* SearchService.swift in Sources */,
				5EB05BC92AC6C16700141CE0 /* NotificationScreen.swift in Sources */,
				5ECF4F772AAF2DA5008BEC9C /* SearchStore.swift in Sources */,
				5E576B4B2ADF9C1F00C96EED /* SearchState.swift in Sources */,
			);
			runOnlyForDeploymentPostprocessing = 0;
		};
		5E4410A82AA7101B00781FEF /* Sources */ = {
			isa = PBXSourcesBuildPhase;
			buildActionMask = 2147483647;
			files = (
				5E4410B12AA7101B00781FEF /* InstagramCloneTests.swift in Sources */,
			);
			runOnlyForDeploymentPostprocessing = 0;
		};
		5E4410B22AA7101B00781FEF /* Sources */ = {
			isa = PBXSourcesBuildPhase;
			buildActionMask = 2147483647;
			files = (
				5E4410BB2AA7101B00781FEF /* InstagramCloneUITests.swift in Sources */,
				5E4410BD2AA7101B00781FEF /* InstagramCloneUITestsLaunchTests.swift in Sources */,
			);
			runOnlyForDeploymentPostprocessing = 0;
		};
/* End PBXSourcesBuildPhase section */

/* Begin PBXTargetDependency section */
		5E4410AE2AA7101B00781FEF /* PBXTargetDependency */ = {
			isa = PBXTargetDependency;
			target = 5E44109B2AA7101800781FEF /* InstagramClone */;
			targetProxy = 5E4410AD2AA7101B00781FEF /* PBXContainerItemProxy */;
		};
		5E4410B82AA7101B00781FEF /* PBXTargetDependency */ = {
			isa = PBXTargetDependency;
			target = 5E44109B2AA7101800781FEF /* InstagramClone */;
			targetProxy = 5E4410B72AA7101B00781FEF /* PBXContainerItemProxy */;
		};
/* End PBXTargetDependency section */

/* Begin XCBuildConfiguration section */
		5E4410BE2AA7101B00781FEF /* Debug */ = {
			isa = XCBuildConfiguration;
			buildSettings = {
				ALWAYS_SEARCH_USER_PATHS = NO;
				ASSETCATALOG_COMPILER_GENERATE_SWIFT_ASSET_SYMBOL_EXTENSIONS = YES;
				CLANG_ANALYZER_NONNULL = YES;
				CLANG_ANALYZER_NUMBER_OBJECT_CONVERSION = YES_AGGRESSIVE;
				CLANG_CXX_LANGUAGE_STANDARD = "gnu++20";
				CLANG_ENABLE_MODULES = YES;
				CLANG_ENABLE_OBJC_ARC = YES;
				CLANG_ENABLE_OBJC_WEAK = YES;
				CLANG_WARN_BLOCK_CAPTURE_AUTORELEASING = YES;
				CLANG_WARN_BOOL_CONVERSION = YES;
				CLANG_WARN_COMMA = YES;
				CLANG_WARN_CONSTANT_CONVERSION = YES;
				CLANG_WARN_DEPRECATED_OBJC_IMPLEMENTATIONS = YES;
				CLANG_WARN_DIRECT_OBJC_ISA_USAGE = YES_ERROR;
				CLANG_WARN_DOCUMENTATION_COMMENTS = YES;
				CLANG_WARN_EMPTY_BODY = YES;
				CLANG_WARN_ENUM_CONVERSION = YES;
				CLANG_WARN_INFINITE_RECURSION = YES;
				CLANG_WARN_INT_CONVERSION = YES;
				CLANG_WARN_NON_LITERAL_NULL_CONVERSION = YES;
				CLANG_WARN_OBJC_IMPLICIT_RETAIN_SELF = YES;
				CLANG_WARN_OBJC_LITERAL_CONVERSION = YES;
				CLANG_WARN_OBJC_ROOT_CLASS = YES_ERROR;
				CLANG_WARN_QUOTED_INCLUDE_IN_FRAMEWORK_HEADER = YES;
				CLANG_WARN_RANGE_LOOP_ANALYSIS = YES;
				CLANG_WARN_STRICT_PROTOTYPES = YES;
				CLANG_WARN_SUSPICIOUS_MOVE = YES;
				CLANG_WARN_UNGUARDED_AVAILABILITY = YES_AGGRESSIVE;
				CLANG_WARN_UNREACHABLE_CODE = YES;
				CLANG_WARN__DUPLICATE_METHOD_MATCH = YES;
				COPY_PHASE_STRIP = NO;
				DEBUG_INFORMATION_FORMAT = dwarf;
				ENABLE_STRICT_OBJC_MSGSEND = YES;
				ENABLE_TESTABILITY = YES;
				ENABLE_USER_SCRIPT_SANDBOXING = YES;
				GCC_C_LANGUAGE_STANDARD = gnu17;
				GCC_DYNAMIC_NO_PIC = NO;
				GCC_NO_COMMON_BLOCKS = YES;
				GCC_OPTIMIZATION_LEVEL = 0;
				GCC_PREPROCESSOR_DEFINITIONS = (
					"DEBUG=1",
					"$(inherited)",
				);
				GCC_WARN_64_TO_32_BIT_CONVERSION = YES;
				GCC_WARN_ABOUT_RETURN_TYPE = YES_ERROR;
				GCC_WARN_UNDECLARED_SELECTOR = YES;
				GCC_WARN_UNINITIALIZED_AUTOS = YES_AGGRESSIVE;
				GCC_WARN_UNUSED_FUNCTION = YES;
				GCC_WARN_UNUSED_VARIABLE = YES;
				INFOPLIST_KEY_UILaunchScreen_Generation = YES;
				"INFOPLIST_KEY_UILaunchStoryboardName[sdk=*]" = "";
				IPHONEOS_DEPLOYMENT_TARGET = 17.0;
				LOCALIZATION_PREFERS_STRING_CATALOGS = YES;
				MTL_ENABLE_DEBUG_INFO = INCLUDE_SOURCE;
				MTL_FAST_MATH = YES;
				ONLY_ACTIVE_ARCH = YES;
				SDKROOT = iphoneos;
				SWIFT_ACTIVE_COMPILATION_CONDITIONS = "DEBUG $(inherited)";
				SWIFT_OPTIMIZATION_LEVEL = "-Onone";
			};
			name = Debug;
		};
		5E4410BF2AA7101B00781FEF /* Release */ = {
			isa = XCBuildConfiguration;
			buildSettings = {
				ALWAYS_SEARCH_USER_PATHS = NO;
				ASSETCATALOG_COMPILER_GENERATE_SWIFT_ASSET_SYMBOL_EXTENSIONS = YES;
				CLANG_ANALYZER_NONNULL = YES;
				CLANG_ANALYZER_NUMBER_OBJECT_CONVERSION = YES_AGGRESSIVE;
				CLANG_CXX_LANGUAGE_STANDARD = "gnu++20";
				CLANG_ENABLE_MODULES = YES;
				CLANG_ENABLE_OBJC_ARC = YES;
				CLANG_ENABLE_OBJC_WEAK = YES;
				CLANG_WARN_BLOCK_CAPTURE_AUTORELEASING = YES;
				CLANG_WARN_BOOL_CONVERSION = YES;
				CLANG_WARN_COMMA = YES;
				CLANG_WARN_CONSTANT_CONVERSION = YES;
				CLANG_WARN_DEPRECATED_OBJC_IMPLEMENTATIONS = YES;
				CLANG_WARN_DIRECT_OBJC_ISA_USAGE = YES_ERROR;
				CLANG_WARN_DOCUMENTATION_COMMENTS = YES;
				CLANG_WARN_EMPTY_BODY = YES;
				CLANG_WARN_ENUM_CONVERSION = YES;
				CLANG_WARN_INFINITE_RECURSION = YES;
				CLANG_WARN_INT_CONVERSION = YES;
				CLANG_WARN_NON_LITERAL_NULL_CONVERSION = YES;
				CLANG_WARN_OBJC_IMPLICIT_RETAIN_SELF = YES;
				CLANG_WARN_OBJC_LITERAL_CONVERSION = YES;
				CLANG_WARN_OBJC_ROOT_CLASS = YES_ERROR;
				CLANG_WARN_QUOTED_INCLUDE_IN_FRAMEWORK_HEADER = YES;
				CLANG_WARN_RANGE_LOOP_ANALYSIS = YES;
				CLANG_WARN_STRICT_PROTOTYPES = YES;
				CLANG_WARN_SUSPICIOUS_MOVE = YES;
				CLANG_WARN_UNGUARDED_AVAILABILITY = YES_AGGRESSIVE;
				CLANG_WARN_UNREACHABLE_CODE = YES;
				CLANG_WARN__DUPLICATE_METHOD_MATCH = YES;
				COPY_PHASE_STRIP = NO;
				DEBUG_INFORMATION_FORMAT = "dwarf-with-dsym";
				ENABLE_NS_ASSERTIONS = NO;
				ENABLE_STRICT_OBJC_MSGSEND = YES;
				ENABLE_USER_SCRIPT_SANDBOXING = YES;
				GCC_C_LANGUAGE_STANDARD = gnu17;
				GCC_NO_COMMON_BLOCKS = YES;
				GCC_WARN_64_TO_32_BIT_CONVERSION = YES;
				GCC_WARN_ABOUT_RETURN_TYPE = YES_ERROR;
				GCC_WARN_UNDECLARED_SELECTOR = YES;
				GCC_WARN_UNINITIALIZED_AUTOS = YES_AGGRESSIVE;
				GCC_WARN_UNUSED_FUNCTION = YES;
				GCC_WARN_UNUSED_VARIABLE = YES;
				INFOPLIST_KEY_UILaunchScreen_Generation = YES;
				IPHONEOS_DEPLOYMENT_TARGET = 17.0;
				LOCALIZATION_PREFERS_STRING_CATALOGS = YES;
				MTL_ENABLE_DEBUG_INFO = NO;
				MTL_FAST_MATH = YES;
				SDKROOT = iphoneos;
				SWIFT_COMPILATION_MODE = wholemodule;
				VALIDATE_PRODUCT = YES;
			};
			name = Release;
		};
		5E4410C12AA7101B00781FEF /* Debug */ = {
			isa = XCBuildConfiguration;
			buildSettings = {
				ASSETCATALOG_COMPILER_APPICON_NAME = AppIcon;
				ASSETCATALOG_COMPILER_GLOBAL_ACCENT_COLOR_NAME = AccentColor;
				CODE_SIGN_STYLE = Automatic;
				CURRENT_PROJECT_VERSION = 1;
				DEVELOPMENT_ASSET_PATHS = "\"InstagramClone/Preview Content\"";
				DEVELOPMENT_TEAM = 2PHTASP985;
				ENABLE_PREVIEWS = YES;
				GENERATE_INFOPLIST_FILE = YES;
				INFOPLIST_FILE = InstagramClone/Info.plist;
				INFOPLIST_KEY_UIApplicationSceneManifest_Generation = YES;
				INFOPLIST_KEY_UIApplicationSupportsIndirectInputEvents = YES;
				INFOPLIST_KEY_UILaunchStoryboardName = LaunchScreen.storyboard;
				INFOPLIST_KEY_UISupportedInterfaceOrientations_iPad = "UIInterfaceOrientationPortrait UIInterfaceOrientationPortraitUpsideDown UIInterfaceOrientationLandscapeLeft UIInterfaceOrientationLandscapeRight";
				INFOPLIST_KEY_UISupportedInterfaceOrientations_iPhone = "UIInterfaceOrientationPortrait UIInterfaceOrientationLandscapeLeft UIInterfaceOrientationLandscapeRight";
				IPHONEOS_DEPLOYMENT_TARGET = 17.0;
				LD_RUNPATH_SEARCH_PATHS = (
					"$(inherited)",
					"@executable_path/Frameworks",
				);
				MARKETING_VERSION = 1.0;
				PRODUCT_BUNDLE_IDENTIFIER = cheatcoder.InstagramClone;
				PRODUCT_NAME = "$(TARGET_NAME)";
				SWIFT_EMIT_LOC_STRINGS = YES;
				SWIFT_VERSION = 5.0;
				TARGETED_DEVICE_FAMILY = "1,2";
			};
			name = Debug;
		};
		5E4410C22AA7101B00781FEF /* Release */ = {
			isa = XCBuildConfiguration;
			buildSettings = {
				ASSETCATALOG_COMPILER_APPICON_NAME = AppIcon;
				ASSETCATALOG_COMPILER_GLOBAL_ACCENT_COLOR_NAME = AccentColor;
				CODE_SIGN_STYLE = Automatic;
				CURRENT_PROJECT_VERSION = 1;
				DEVELOPMENT_ASSET_PATHS = "\"InstagramClone/Preview Content\"";
				DEVELOPMENT_TEAM = 2PHTASP985;
				ENABLE_PREVIEWS = YES;
				GENERATE_INFOPLIST_FILE = YES;
				INFOPLIST_FILE = InstagramClone/Info.plist;
				INFOPLIST_KEY_UIApplicationSceneManifest_Generation = YES;
				INFOPLIST_KEY_UIApplicationSupportsIndirectInputEvents = YES;
				INFOPLIST_KEY_UILaunchStoryboardName = LaunchScreen.storyboard;
				INFOPLIST_KEY_UISupportedInterfaceOrientations_iPad = "UIInterfaceOrientationPortrait UIInterfaceOrientationPortraitUpsideDown UIInterfaceOrientationLandscapeLeft UIInterfaceOrientationLandscapeRight";
				INFOPLIST_KEY_UISupportedInterfaceOrientations_iPhone = "UIInterfaceOrientationPortrait UIInterfaceOrientationLandscapeLeft UIInterfaceOrientationLandscapeRight";
				IPHONEOS_DEPLOYMENT_TARGET = 17.0;
				LD_RUNPATH_SEARCH_PATHS = (
					"$(inherited)",
					"@executable_path/Frameworks",
				);
				MARKETING_VERSION = 1.0;
				PRODUCT_BUNDLE_IDENTIFIER = cheatcoder.InstagramClone;
				PRODUCT_NAME = "$(TARGET_NAME)";
				SWIFT_EMIT_LOC_STRINGS = YES;
				SWIFT_VERSION = 5.0;
				TARGETED_DEVICE_FAMILY = "1,2";
			};
			name = Release;
		};
		5E4410C42AA7101B00781FEF /* Debug */ = {
			isa = XCBuildConfiguration;
			buildSettings = {
				ALWAYS_EMBED_SWIFT_STANDARD_LIBRARIES = YES;
				BUNDLE_LOADER = "$(TEST_HOST)";
				CODE_SIGN_STYLE = Automatic;
				CURRENT_PROJECT_VERSION = 1;
				DEVELOPMENT_TEAM = 2PHTASP985;
				GENERATE_INFOPLIST_FILE = YES;
				IPHONEOS_DEPLOYMENT_TARGET = 17.0;
				MARKETING_VERSION = 1.0;
				PRODUCT_BUNDLE_IDENTIFIER = cheatcoder.InstagramCloneTests;
				PRODUCT_NAME = "$(TARGET_NAME)";
				SWIFT_EMIT_LOC_STRINGS = NO;
				SWIFT_VERSION = 5.0;
				TARGETED_DEVICE_FAMILY = "1,2";
				TEST_HOST = "$(BUILT_PRODUCTS_DIR)/InstagramClone.app/$(BUNDLE_EXECUTABLE_FOLDER_PATH)/InstagramClone";
			};
			name = Debug;
		};
		5E4410C52AA7101B00781FEF /* Release */ = {
			isa = XCBuildConfiguration;
			buildSettings = {
				ALWAYS_EMBED_SWIFT_STANDARD_LIBRARIES = YES;
				BUNDLE_LOADER = "$(TEST_HOST)";
				CODE_SIGN_STYLE = Automatic;
				CURRENT_PROJECT_VERSION = 1;
				DEVELOPMENT_TEAM = 2PHTASP985;
				GENERATE_INFOPLIST_FILE = YES;
				IPHONEOS_DEPLOYMENT_TARGET = 17.0;
				MARKETING_VERSION = 1.0;
				PRODUCT_BUNDLE_IDENTIFIER = cheatcoder.InstagramCloneTests;
				PRODUCT_NAME = "$(TARGET_NAME)";
				SWIFT_EMIT_LOC_STRINGS = NO;
				SWIFT_VERSION = 5.0;
				TARGETED_DEVICE_FAMILY = "1,2";
				TEST_HOST = "$(BUILT_PRODUCTS_DIR)/InstagramClone.app/$(BUNDLE_EXECUTABLE_FOLDER_PATH)/InstagramClone";
			};
			name = Release;
		};
		5E4410C72AA7101B00781FEF /* Debug */ = {
			isa = XCBuildConfiguration;
			buildSettings = {
				ALWAYS_EMBED_SWIFT_STANDARD_LIBRARIES = YES;
				CODE_SIGN_STYLE = Automatic;
				CURRENT_PROJECT_VERSION = 1;
				DEVELOPMENT_TEAM = 2PHTASP985;
				GENERATE_INFOPLIST_FILE = YES;
				MARKETING_VERSION = 1.0;
				PRODUCT_BUNDLE_IDENTIFIER = cheatcoder.InstagramCloneUITests;
				PRODUCT_NAME = "$(TARGET_NAME)";
				SWIFT_EMIT_LOC_STRINGS = NO;
				SWIFT_VERSION = 5.0;
				TARGETED_DEVICE_FAMILY = "1,2";
				TEST_TARGET_NAME = InstagramClone;
			};
			name = Debug;
		};
		5E4410C82AA7101B00781FEF /* Release */ = {
			isa = XCBuildConfiguration;
			buildSettings = {
				ALWAYS_EMBED_SWIFT_STANDARD_LIBRARIES = YES;
				CODE_SIGN_STYLE = Automatic;
				CURRENT_PROJECT_VERSION = 1;
				DEVELOPMENT_TEAM = 2PHTASP985;
				GENERATE_INFOPLIST_FILE = YES;
				MARKETING_VERSION = 1.0;
				PRODUCT_BUNDLE_IDENTIFIER = cheatcoder.InstagramCloneUITests;
				PRODUCT_NAME = "$(TARGET_NAME)";
				SWIFT_EMIT_LOC_STRINGS = NO;
				SWIFT_VERSION = 5.0;
				TARGETED_DEVICE_FAMILY = "1,2";
				TEST_TARGET_NAME = InstagramClone;
			};
			name = Release;
		};
/* End XCBuildConfiguration section */

/* Begin XCConfigurationList section */
		5E4410972AA7101800781FEF /* Build configuration list for PBXProject "InstagramClone" */ = {
			isa = XCConfigurationList;
			buildConfigurations = (
				5E4410BE2AA7101B00781FEF /* Debug */,
				5E4410BF2AA7101B00781FEF /* Release */,
			);
			defaultConfigurationIsVisible = 0;
			defaultConfigurationName = Release;
		};
		5E4410C02AA7101B00781FEF /* Build configuration list for PBXNativeTarget "InstagramClone" */ = {
			isa = XCConfigurationList;
			buildConfigurations = (
				5E4410C12AA7101B00781FEF /* Debug */,
				5E4410C22AA7101B00781FEF /* Release */,
			);
			defaultConfigurationIsVisible = 0;
			defaultConfigurationName = Release;
		};
		5E4410C32AA7101B00781FEF /* Build configuration list for PBXNativeTarget "InstagramCloneTests" */ = {
			isa = XCConfigurationList;
			buildConfigurations = (
				5E4410C42AA7101B00781FEF /* Debug */,
				5E4410C52AA7101B00781FEF /* Release */,
			);
			defaultConfigurationIsVisible = 0;
			defaultConfigurationName = Release;
		};
		5E4410C62AA7101B00781FEF /* Build configuration list for PBXNativeTarget "InstagramCloneUITests" */ = {
			isa = XCConfigurationList;
			buildConfigurations = (
				5E4410C72AA7101B00781FEF /* Debug */,
				5E4410C82AA7101B00781FEF /* Release */,
			);
			defaultConfigurationIsVisible = 0;
			defaultConfigurationName = Release;
		};
/* End XCConfigurationList section */

/* Begin XCRemoteSwiftPackageReference section */
		5E4410DE2AA866DA00781FEF /* XCRemoteSwiftPackageReference "firebase-ios-sdk" */ = {
			isa = XCRemoteSwiftPackageReference;
			repositoryURL = "https://github.com/firebase/firebase-ios-sdk";
			requirement = {
				kind = upToNextMajorVersion;
				minimumVersion = 10.14.0;
			};
		};
		5E9C79752AE226630084FF23 /* XCRemoteSwiftPackageReference "swift-async-algorithms" */ = {
			isa = XCRemoteSwiftPackageReference;
			repositoryURL = "https://github.com/apple/swift-async-algorithms.git";
			requirement = {
				kind = upToNextMajorVersion;
				minimumVersion = 0.1.0;
			};
		};
		5EFD1F3B2AF8A2AC00123842 /* XCRemoteSwiftPackageReference "YouTubePlayerKit" */ = {
			isa = XCRemoteSwiftPackageReference;
			repositoryURL = "https://github.com/SvenTiigi/YouTubePlayerKit.git";
			requirement = {
				kind = upToNextMajorVersion;
				minimumVersion = 1.5.4;
			};
		};
		5EFD1F3E2AF8A89E00123842 /* XCRemoteSwiftPackageReference "SwiftUI-Shimmer" */ = {
			isa = XCRemoteSwiftPackageReference;
			repositoryURL = "https://github.com/markiv/SwiftUI-Shimmer";
			requirement = {
				kind = upToNextMajorVersion;
				minimumVersion = 1.4.0;
			};
		};
/* End XCRemoteSwiftPackageReference section */

/* Begin XCSwiftPackageProductDependency section */
		5E4410DF2AA866DA00781FEF /* FirebaseAuth */ = {
			isa = XCSwiftPackageProductDependency;
			package = 5E4410DE2AA866DA00781FEF /* XCRemoteSwiftPackageReference "firebase-ios-sdk" */;
			productName = FirebaseAuth;
		};
		5E4410E12AA866DA00781FEF /* FirebaseFirestore */ = {
			isa = XCSwiftPackageProductDependency;
			package = 5E4410DE2AA866DA00781FEF /* XCRemoteSwiftPackageReference "firebase-ios-sdk" */;
			productName = FirebaseFirestore;
		};
		5E4410E32AA866DA00781FEF /* FirebaseStorage */ = {
			isa = XCSwiftPackageProductDependency;
			package = 5E4410DE2AA866DA00781FEF /* XCRemoteSwiftPackageReference "firebase-ios-sdk" */;
			productName = FirebaseStorage;
		};
		5E9C79762AE226630084FF23 /* AsyncAlgorithms */ = {
			isa = XCSwiftPackageProductDependency;
			package = 5E9C79752AE226630084FF23 /* XCRemoteSwiftPackageReference "swift-async-algorithms" */;
			productName = AsyncAlgorithms;
		};
		5ECF4F742AAF2194008BEC9C /* FirebaseDatabase */ = {
			isa = XCSwiftPackageProductDependency;
			package = 5E4410DE2AA866DA00781FEF /* XCRemoteSwiftPackageReference "firebase-ios-sdk" */;
			productName = FirebaseDatabase;
		};
		5EFD1F3C2AF8A2AC00123842 /* YouTubePlayerKit */ = {
			isa = XCSwiftPackageProductDependency;
			package = 5EFD1F3B2AF8A2AC00123842 /* XCRemoteSwiftPackageReference "YouTubePlayerKit" */;
			productName = YouTubePlayerKit;
		};
		5EFD1F3F2AF8A89E00123842 /* Shimmer */ = {
			isa = XCSwiftPackageProductDependency;
			package = 5EFD1F3E2AF8A89E00123842 /* XCRemoteSwiftPackageReference "SwiftUI-Shimmer" */;
			productName = Shimmer;
		};
/* End XCSwiftPackageProductDependency section */
	};
	rootObject = 5E4410942AA7101800781FEF /* Project object */;
}
